
Microsoft Visual Studio Solution File, Format Version 12.00
# Visual Studio Version 17
VisualStudioVersion = 17.9.34728.123
MinimumVisualStudioVersion = 10.0.40219.1
Project("{FAE04EC0-301F-11D3-BF4B-00C04F79EFBC}") = "Faixa etaria 19 11", "Faixa etaria 19 11\Faixa etaria 19 11.csproj", "{71786779-6B5D-44E6-86D6-B769D13D059F}"
EndProject
Global
	GlobalSection(SolutionConfigurationPlatforms) = preSolution
		Debug|Any CPU = Debug|Any CPU
		Release|Any CPU = Release|Any CPU
	EndGlobalSection
	GlobalSection(ProjectConfigurationPlatforms) = postSolution
		{71786779-6B5D-44E6-86D6-B769D13D059F}.Debug|Any CPU.ActiveCfg = Debug|Any CPU
		{71786779-6B5D-44E6-86D6-B769D13D059F}.Debug|Any CPU.Build.0 = Debug|Any CPU
		{71786779-6B5D-44E6-86D6-B769D13D059F}.Release|Any CPU.ActiveCfg = Release|Any CPU
		{71786779-6B5D-44E6-86D6-B769D13D059F}.Release|Any CPU.Build.0 = Release|Any CPU
	EndGlobalSection
	GlobalSection(SolutionProperties) = preSolution
		HideSolutionNode = FALSE
	EndGlobalSection
	GlobalSection(ExtensibilityGlobals) = postSolution
		SolutionGuid = {4E7EBF07-403C-47D0-ACAD-66C85CE54CB1}
	EndGlobalSection
EndGlobal
